// !$*UTF8*$!
{
	archiveVersion = 1;
	classes = {
	};
	objectVersion = 46;
	objects = {

/* Begin PBXBuildFile section */
		453203931A223458004A3E21 /* BBItem.m in Sources */ = {isa = PBXBuildFile; fileRef = 453203921A223458004A3E21 /* BBItem.m */; };
		45AFCFD919FD4E4E0044381B /* BBBuddy.m in Sources */ = {isa = PBXBuildFile; fileRef = 45AFCFD819FD4E4E0044381B /* BBBuddy.m */; };
		45AFCFDF19FD535F0044381B /* BBConstants.m in Sources */ = {isa = PBXBuildFile; fileRef = 45AFCFDE19FD535F0044381B /* BBConstants.m */; };
		45AFCFE219FD58E00044381B /* BBBody.m in Sources */ = {isa = PBXBuildFile; fileRef = 45AFCFE119FD58E00044381B /* BBBody.m */; };
		45AFCFE519FD6A4C0044381B /* BaseAttributes.plist in Resources */ = {isa = PBXBuildFile; fileRef = 45AFCFE419FD6A4C0044381B /* BaseAttributes.plist */; };
		45AFCFEA19FD920B0044381B /* NameSuffix.plist in Resources */ = {isa = PBXBuildFile; fileRef = 45AFCFE919FD920B0044381B /* NameSuffix.plist */; };
		45AFCFF219FDC0D40044381B /* AttackSyllabus.plist in Resources */ = {isa = PBXBuildFile; fileRef = 45AFCFF119FDC0D40044381B /* AttackSyllabus.plist */; };
		45AFCFF619FDCC700044381B /* Attacks.plist in Resources */ = {isa = PBXBuildFile; fileRef = 45AFCFF519FDCC700044381B /* Attacks.plist */; };
		45AFCFF719FDCD160044381B /* BBAttack.m in Sources */ = {isa = PBXBuildFile; fileRef = 45AFCFDB19FD50750044381B /* BBAttack.m */; };
		45AFCFF819FDCD220044381B /* BBDatabase.m in Sources */ = {isa = PBXBuildFile; fileRef = 45AFCFE719FD78EF0044381B /* BBDatabase.m */; };
		EF92547319FD3A7800FFA3F8 /* main.m in Sources */ = {isa = PBXBuildFile; fileRef = EF92547219FD3A7800FFA3F8 /* main.m */; };
		EF92547619FD3A7800FFA3F8 /* AppDelegate.m in Sources */ = {isa = PBXBuildFile; fileRef = EF92547519FD3A7800FFA3F8 /* AppDelegate.m */; };
		EF92547919FD3A7800FFA3F8 /* BBMainMenuViewController.m in Sources */ = {isa = PBXBuildFile; fileRef = EF92547819FD3A7800FFA3F8 /* BBMainMenuViewController.m */; };
		EF92547E19FD3A7800FFA3F8 /* Images.xcassets in Resources */ = {isa = PBXBuildFile; fileRef = EF92547D19FD3A7800FFA3F8 /* Images.xcassets */; };
		EF92548119FD3A7800FFA3F8 /* LaunchScreen.xib in Resources */ = {isa = PBXBuildFile; fileRef = EF92547F19FD3A7800FFA3F8 /* LaunchScreen.xib */; };
		EF92548D19FD3A7800FFA3F8 /* BattleBuddiesTests.m in Sources */ = {isa = PBXBuildFile; fileRef = EF92548C19FD3A7800FFA3F8 /* BattleBuddiesTests.m */; };
		EF92549819FD3B0400FFA3F8 /* BBMapViewController.m in Sources */ = {isa = PBXBuildFile; fileRef = EF92549719FD3B0400FFA3F8 /* BBMapViewController.m */; };
		EF92549B19FD3B1700FFA3F8 /* BBBattleViewController.m in Sources */ = {isa = PBXBuildFile; fileRef = EF92549A19FD3B1700FFA3F8 /* BBBattleViewController.m */; };
		EF92549E19FD44B800FFA3F8 /* BBGridLayout.m in Sources */ = {isa = PBXBuildFile; fileRef = EF92549D19FD44B800FFA3F8 /* BBGridLayout.m */; };
		EF99FB121A22330D0045E1BC /* BBItemListViewController.m in Sources */ = {isa = PBXBuildFile; fileRef = EF99FB111A22330D0045E1BC /* BBItemListViewController.m */; };
		EF99FB151A2233210045E1BC /* BBBuddyListViewController.m in Sources */ = {isa = PBXBuildFile; fileRef = EF99FB141A2233210045E1BC /* BBBuddyListViewController.m */; };
		EF99FB191A22333C0045E1BC /* BBItemCell.m in Sources */ = {isa = PBXBuildFile; fileRef = EF99FB181A22333C0045E1BC /* BBItemCell.m */; };
		EF99FB1D1A2233530045E1BC /* BBBuddyCell.m in Sources */ = {isa = PBXBuildFile; fileRef = EF99FB1C1A2233530045E1BC /* BBBuddyCell.m */; };
		EFCF81601A22352D00B5535D /* BBMapAtlas.m in Sources */ = {isa = PBXBuildFile; fileRef = EFCF815B1A22352D00B5535D /* BBMapAtlas.m */; };
		EFCF81611A22352D00B5535D /* BBMapCollectionViewCell.m in Sources */ = {isa = PBXBuildFile; fileRef = EFCF815D1A22352D00B5535D /* BBMapCollectionViewCell.m */; };
		EFCF81621A22352D00B5535D /* BBMapGenerator.m in Sources */ = {isa = PBXBuildFile; fileRef = EFCF815F1A22352D00B5535D /* BBMapGenerator.m */; };
		EFDE419319FD73650035B28B /* BBMapTouchView.m in Sources */ = {isa = PBXBuildFile; fileRef = EFDE419219FD73650035B28B /* BBMapTouchView.m */; };
/* End PBXBuildFile section */

/* Begin PBXContainerItemProxy section */
		EF92548719FD3A7800FFA3F8 /* PBXContainerItemProxy */ = {
			isa = PBXContainerItemProxy;
			containerPortal = EF92546519FD3A7800FFA3F8 /* Project object */;
			proxyType = 1;
			remoteGlobalIDString = EF92546C19FD3A7800FFA3F8;
			remoteInfo = BattleBuddies;
		};
/* End PBXContainerItemProxy section */

/* Begin PBXFileReference section */
		453203911A223458004A3E21 /* BBItem.h */ = {isa = PBXFileReference; fileEncoding = 4; lastKnownFileType = sourcecode.c.h; path = BBItem.h; sourceTree = "<group>"; };
		453203921A223458004A3E21 /* BBItem.m */ = {isa = PBXFileReference; fileEncoding = 4; lastKnownFileType = sourcecode.c.objc; path = BBItem.m; sourceTree = "<group>"; };
		45AFCFD719FD4E4E0044381B /* BBBuddy.h */ = {isa = PBXFileReference; fileEncoding = 4; lastKnownFileType = sourcecode.c.h; path = BBBuddy.h; sourceTree = "<group>"; };
		45AFCFD819FD4E4E0044381B /* BBBuddy.m */ = {isa = PBXFileReference; fileEncoding = 4; lastKnownFileType = sourcecode.c.objc; path = BBBuddy.m; sourceTree = "<group>"; };
		45AFCFDA19FD50750044381B /* BBAttack.h */ = {isa = PBXFileReference; fileEncoding = 4; lastKnownFileType = sourcecode.c.h; path = BBAttack.h; sourceTree = "<group>"; };
		45AFCFDB19FD50750044381B /* BBAttack.m */ = {isa = PBXFileReference; fileEncoding = 4; lastKnownFileType = sourcecode.c.objc; path = BBAttack.m; sourceTree = "<group>"; };
		45AFCFDD19FD535F0044381B /* BBConstants.h */ = {isa = PBXFileReference; fileEncoding = 4; lastKnownFileType = sourcecode.c.h; path = BBConstants.h; sourceTree = "<group>"; };
		45AFCFDE19FD535F0044381B /* BBConstants.m */ = {isa = PBXFileReference; fileEncoding = 4; lastKnownFileType = sourcecode.c.objc; path = BBConstants.m; sourceTree = "<group>"; };
		45AFCFE019FD58E00044381B /* BBBody.h */ = {isa = PBXFileReference; fileEncoding = 4; lastKnownFileType = sourcecode.c.h; path = BBBody.h; sourceTree = "<group>"; };
		45AFCFE119FD58E00044381B /* BBBody.m */ = {isa = PBXFileReference; fileEncoding = 4; lastKnownFileType = sourcecode.c.objc; path = BBBody.m; sourceTree = "<group>"; };
		45AFCFE419FD6A4C0044381B /* BaseAttributes.plist */ = {isa = PBXFileReference; fileEncoding = 4; lastKnownFileType = text.plist.xml; path = BaseAttributes.plist; sourceTree = "<group>"; };
		45AFCFE619FD78EF0044381B /* BBDatabase.h */ = {isa = PBXFileReference; fileEncoding = 4; lastKnownFileType = sourcecode.c.h; path = BBDatabase.h; sourceTree = "<group>"; };
		45AFCFE719FD78EF0044381B /* BBDatabase.m */ = {isa = PBXFileReference; fileEncoding = 4; lastKnownFileType = sourcecode.c.objc; path = BBDatabase.m; sourceTree = "<group>"; };
		45AFCFE919FD920B0044381B /* NameSuffix.plist */ = {isa = PBXFileReference; fileEncoding = 4; lastKnownFileType = text.plist.xml; path = NameSuffix.plist; sourceTree = "<group>"; };
		45AFCFF119FDC0D40044381B /* AttackSyllabus.plist */ = {isa = PBXFileReference; fileEncoding = 4; lastKnownFileType = text.plist.xml; path = AttackSyllabus.plist; sourceTree = "<group>"; };
		45AFCFF519FDCC700044381B /* Attacks.plist */ = {isa = PBXFileReference; fileEncoding = 4; lastKnownFileType = text.plist.xml; path = Attacks.plist; sourceTree = "<group>"; };
		EF92546D19FD3A7800FFA3F8 /* BattleBuddies.app */ = {isa = PBXFileReference; explicitFileType = wrapper.application; includeInIndex = 0; path = BattleBuddies.app; sourceTree = BUILT_PRODUCTS_DIR; };
		EF92547119FD3A7800FFA3F8 /* Info.plist */ = {isa = PBXFileReference; lastKnownFileType = text.plist.xml; path = Info.plist; sourceTree = "<group>"; };
		EF92547219FD3A7800FFA3F8 /* main.m */ = {isa = PBXFileReference; lastKnownFileType = sourcecode.c.objc; path = main.m; sourceTree = "<group>"; };
		EF92547419FD3A7800FFA3F8 /* AppDelegate.h */ = {isa = PBXFileReference; lastKnownFileType = sourcecode.c.h; path = AppDelegate.h; sourceTree = "<group>"; };
		EF92547519FD3A7800FFA3F8 /* AppDelegate.m */ = {isa = PBXFileReference; lastKnownFileType = sourcecode.c.objc; path = AppDelegate.m; sourceTree = "<group>"; };
		EF92547719FD3A7800FFA3F8 /* BBMainMenuViewController.h */ = {isa = PBXFileReference; lastKnownFileType = sourcecode.c.h; path = BBMainMenuViewController.h; sourceTree = "<group>"; };
		EF92547819FD3A7800FFA3F8 /* BBMainMenuViewController.m */ = {isa = PBXFileReference; lastKnownFileType = sourcecode.c.objc; path = BBMainMenuViewController.m; sourceTree = "<group>"; };
		EF92547D19FD3A7800FFA3F8 /* Images.xcassets */ = {isa = PBXFileReference; lastKnownFileType = folder.assetcatalog; path = Images.xcassets; sourceTree = "<group>"; };
		EF92548019FD3A7800FFA3F8 /* Base */ = {isa = PBXFileReference; lastKnownFileType = file.xib; name = Base; path = Base.lproj/LaunchScreen.xib; sourceTree = "<group>"; };
		EF92548619FD3A7800FFA3F8 /* BattleBuddiesTests.xctest */ = {isa = PBXFileReference; explicitFileType = wrapper.cfbundle; includeInIndex = 0; path = BattleBuddiesTests.xctest; sourceTree = BUILT_PRODUCTS_DIR; };
		EF92548B19FD3A7800FFA3F8 /* Info.plist */ = {isa = PBXFileReference; lastKnownFileType = text.plist.xml; path = Info.plist; sourceTree = "<group>"; };
		EF92548C19FD3A7800FFA3F8 /* BattleBuddiesTests.m */ = {isa = PBXFileReference; lastKnownFileType = sourcecode.c.objc; path = BattleBuddiesTests.m; sourceTree = "<group>"; };
		EF92549619FD3B0400FFA3F8 /* BBMapViewController.h */ = {isa = PBXFileReference; fileEncoding = 4; lastKnownFileType = sourcecode.c.h; path = BBMapViewController.h; sourceTree = "<group>"; };
		EF92549719FD3B0400FFA3F8 /* BBMapViewController.m */ = {isa = PBXFileReference; fileEncoding = 4; lastKnownFileType = sourcecode.c.objc; path = BBMapViewController.m; sourceTree = "<group>"; };
		EF92549919FD3B1700FFA3F8 /* BBBattleViewController.h */ = {isa = PBXFileReference; fileEncoding = 4; lastKnownFileType = sourcecode.c.h; path = BBBattleViewController.h; sourceTree = "<group>"; };
		EF92549A19FD3B1700FFA3F8 /* BBBattleViewController.m */ = {isa = PBXFileReference; fileEncoding = 4; lastKnownFileType = sourcecode.c.objc; path = BBBattleViewController.m; sourceTree = "<group>"; };
		EF92549C19FD44B800FFA3F8 /* BBGridLayout.h */ = {isa = PBXFileReference; fileEncoding = 4; lastKnownFileType = sourcecode.c.h; path = BBGridLayout.h; sourceTree = "<group>"; };
		EF92549D19FD44B800FFA3F8 /* BBGridLayout.m */ = {isa = PBXFileReference; fileEncoding = 4; lastKnownFileType = sourcecode.c.objc; path = BBGridLayout.m; sourceTree = "<group>"; };
		EF99FB101A22330D0045E1BC /* BBItemListViewController.h */ = {isa = PBXFileReference; fileEncoding = 4; lastKnownFileType = sourcecode.c.h; path = BBItemListViewController.h; sourceTree = "<group>"; };
		EF99FB111A22330D0045E1BC /* BBItemListViewController.m */ = {isa = PBXFileReference; fileEncoding = 4; lastKnownFileType = sourcecode.c.objc; path = BBItemListViewController.m; sourceTree = "<group>"; };
		EF99FB131A2233210045E1BC /* BBBuddyListViewController.h */ = {isa = PBXFileReference; fileEncoding = 4; lastKnownFileType = sourcecode.c.h; path = BBBuddyListViewController.h; sourceTree = "<group>"; };
		EF99FB141A2233210045E1BC /* BBBuddyListViewController.m */ = {isa = PBXFileReference; fileEncoding = 4; lastKnownFileType = sourcecode.c.objc; path = BBBuddyListViewController.m; sourceTree = "<group>"; };
		EF99FB171A22333C0045E1BC /* BBItemCell.h */ = {isa = PBXFileReference; fileEncoding = 4; lastKnownFileType = sourcecode.c.h; path = BBItemCell.h; sourceTree = "<group>"; };
		EF99FB181A22333C0045E1BC /* BBItemCell.m */ = {isa = PBXFileReference; fileEncoding = 4; lastKnownFileType = sourcecode.c.objc; path = BBItemCell.m; sourceTree = "<group>"; };
		EF99FB1B1A2233530045E1BC /* BBBuddyCell.h */ = {isa = PBXFileReference; fileEncoding = 4; lastKnownFileType = sourcecode.c.h; path = BBBuddyCell.h; sourceTree = "<group>"; };
		EF99FB1C1A2233530045E1BC /* BBBuddyCell.m */ = {isa = PBXFileReference; fileEncoding = 4; lastKnownFileType = sourcecode.c.objc; path = BBBuddyCell.m; sourceTree = "<group>"; };
		EFCF815A1A22352D00B5535D /* BBMapAtlas.h */ = {isa = PBXFileReference; fileEncoding = 4; lastKnownFileType = sourcecode.c.h; path = BBMapAtlas.h; sourceTree = "<group>"; };
		EFCF815B1A22352D00B5535D /* BBMapAtlas.m */ = {isa = PBXFileReference; fileEncoding = 4; lastKnownFileType = sourcecode.c.objc; path = BBMapAtlas.m; sourceTree = "<group>"; };
		EFCF815C1A22352D00B5535D /* BBMapCollectionViewCell.h */ = {isa = PBXFileReference; fileEncoding = 4; lastKnownFileType = sourcecode.c.h; path = BBMapCollectionViewCell.h; sourceTree = "<group>"; };
		EFCF815D1A22352D00B5535D /* BBMapCollectionViewCell.m */ = {isa = PBXFileReference; fileEncoding = 4; lastKnownFileType = sourcecode.c.objc; path = BBMapCollectionViewCell.m; sourceTree = "<group>"; };
		EFCF815E1A22352D00B5535D /* BBMapGenerator.h */ = {isa = PBXFileReference; fileEncoding = 4; lastKnownFileType = sourcecode.c.h; path = BBMapGenerator.h; sourceTree = "<group>"; };
		EFCF815F1A22352D00B5535D /* BBMapGenerator.m */ = {isa = PBXFileReference; fileEncoding = 4; lastKnownFileType = sourcecode.c.objc; path = BBMapGenerator.m; sourceTree = "<group>"; };
		EFDE419119FD73650035B28B /* BBMapTouchView.h */ = {isa = PBXFileReference; fileEncoding = 4; lastKnownFileType = sourcecode.c.h; path = BBMapTouchView.h; sourceTree = "<group>"; };
		EFDE419219FD73650035B28B /* BBMapTouchView.m */ = {isa = PBXFileReference; fileEncoding = 4; lastKnownFileType = sourcecode.c.objc; path = BBMapTouchView.m; sourceTree = "<group>"; };
/* End PBXFileReference section */

/* Begin PBXFrameworksBuildPhase section */
		EF92546A19FD3A7800FFA3F8 /* Frameworks */ = {
			isa = PBXFrameworksBuildPhase;
			buildActionMask = 2147483647;
			files = (
			);
			runOnlyForDeploymentPostprocessing = 0;
		};
		EF92548319FD3A7800FFA3F8 /* Frameworks */ = {
			isa = PBXFrameworksBuildPhase;
			buildActionMask = 2147483647;
			files = (
			);
			runOnlyForDeploymentPostprocessing = 0;
		};
/* End PBXFrameworksBuildPhase section */

/* Begin PBXGroup section */
		45AFCFD619FD4E110044381B /* Model */ = {
			isa = PBXGroup;
			children = (
				45AFCFDD19FD535F0044381B /* BBConstants.h */,
				45AFCFDE19FD535F0044381B /* BBConstants.m */,
				45AFCFD719FD4E4E0044381B /* BBBuddy.h */,
				45AFCFD819FD4E4E0044381B /* BBBuddy.m */,
				45AFCFDA19FD50750044381B /* BBAttack.h */,
				45AFCFDB19FD50750044381B /* BBAttack.m */,
				45AFCFE019FD58E00044381B /* BBBody.h */,
				45AFCFE119FD58E00044381B /* BBBody.m */,
				453203911A223458004A3E21 /* BBItem.h */,
				453203921A223458004A3E21 /* BBItem.m */,
			);
			name = Model;
			sourceTree = "<group>";
		};
		45AFCFE319FD6A1E0044381B /* Data */ = {
			isa = PBXGroup;
			children = (
				45AFCFF519FDCC700044381B /* Attacks.plist */,
				45AFCFF119FDC0D40044381B /* AttackSyllabus.plist */,
				45AFCFE419FD6A4C0044381B /* BaseAttributes.plist */,
				45AFCFE919FD920B0044381B /* NameSuffix.plist */,
				45AFCFE619FD78EF0044381B /* BBDatabase.h */,
				45AFCFE719FD78EF0044381B /* BBDatabase.m */,
			);
			name = Data;
			sourceTree = "<group>";
		};
		EF92546419FD3A7800FFA3F8 = {
			isa = PBXGroup;
			children = (
				EF92546F19FD3A7800FFA3F8 /* BattleBuddies */,
				EF92548919FD3A7800FFA3F8 /* BattleBuddiesTests */,
				EF92546E19FD3A7800FFA3F8 /* Products */,
			);
			sourceTree = "<group>";
		};
		EF92546E19FD3A7800FFA3F8 /* Products */ = {
			isa = PBXGroup;
			children = (
				EF92546D19FD3A7800FFA3F8 /* BattleBuddies.app */,
				EF92548619FD3A7800FFA3F8 /* BattleBuddiesTests.xctest */,
			);
			name = Products;
			sourceTree = "<group>";
		};
		EF92546F19FD3A7800FFA3F8 /* BattleBuddies */ = {
			isa = PBXGroup;
			children = (
				EF92547419FD3A7800FFA3F8 /* AppDelegate.h */,
				EF92547519FD3A7800FFA3F8 /* AppDelegate.m */,
				45AFCFE319FD6A1E0044381B /* Data */,
				45AFCFD619FD4E110044381B /* Model */,
				EF99FB1E1A2233600045E1BC /* ViewControllers */,
				EF92547D19FD3A7800FFA3F8 /* Images.xcassets */,
				EF92547F19FD3A7800FFA3F8 /* LaunchScreen.xib */,
				EF92547019FD3A7800FFA3F8 /* Supporting Files */,
			);
			path = BattleBuddies;
			sourceTree = "<group>";
		};
		EF92547019FD3A7800FFA3F8 /* Supporting Files */ = {
			isa = PBXGroup;
			children = (
				EF92547119FD3A7800FFA3F8 /* Info.plist */,
				EF92547219FD3A7800FFA3F8 /* main.m */,
			);
			name = "Supporting Files";
			sourceTree = "<group>";
		};
		EF92548919FD3A7800FFA3F8 /* BattleBuddiesTests */ = {
			isa = PBXGroup;
			children = (
				EF92548C19FD3A7800FFA3F8 /* BattleBuddiesTests.m */,
				EF92548A19FD3A7800FFA3F8 /* Supporting Files */,
			);
			path = BattleBuddiesTests;
			sourceTree = "<group>";
		};
		EF92548A19FD3A7800FFA3F8 /* Supporting Files */ = {
			isa = PBXGroup;
			children = (
				EF92548B19FD3A7800FFA3F8 /* Info.plist */,
			);
			name = "Supporting Files";
			sourceTree = "<group>";
		};
		EF92549F19FD44BC00FFA3F8 /* Map */ = {
			isa = PBXGroup;
			children = (
				EF92549619FD3B0400FFA3F8 /* BBMapViewController.h */,
				EF92549719FD3B0400FFA3F8 /* BBMapViewController.m */,
				EF92549C19FD44B800FFA3F8 /* BBGridLayout.h */,
				EF92549D19FD44B800FFA3F8 /* BBGridLayout.m */,
				EFDE419119FD73650035B28B /* BBMapTouchView.h */,
				EFDE419219FD73650035B28B /* BBMapTouchView.m */,
				EFCF815A1A22352D00B5535D /* BBMapAtlas.h */,
				EFCF815B1A22352D00B5535D /* BBMapAtlas.m */,
				EFCF815C1A22352D00B5535D /* BBMapCollectionViewCell.h */,
				EFCF815D1A22352D00B5535D /* BBMapCollectionViewCell.m */,
				EFCF815E1A22352D00B5535D /* BBMapGenerator.h */,
				EFCF815F1A22352D00B5535D /* BBMapGenerator.m */,
			);
			name = Map;
			sourceTree = "<group>";
		};
		EF99FB161A2233270045E1BC /* Items */ = {
			isa = PBXGroup;
			children = (
				EF99FB101A22330D0045E1BC /* BBItemListViewController.h */,
				EF99FB111A22330D0045E1BC /* BBItemListViewController.m */,
				EF99FB171A22333C0045E1BC /* BBItemCell.h */,
				EF99FB181A22333C0045E1BC /* BBItemCell.m */,
			);
			name = Items;
			sourceTree = "<group>";
		};
		EF99FB1A1A2233420045E1BC /* Buddies */ = {
			isa = PBXGroup;
			children = (
				EF99FB131A2233210045E1BC /* BBBuddyListViewController.h */,
				EF99FB141A2233210045E1BC /* BBBuddyListViewController.m */,
				EF99FB1B1A2233530045E1BC /* BBBuddyCell.h */,
				EF99FB1C1A2233530045E1BC /* BBBuddyCell.m */,
			);
			name = Buddies;
			sourceTree = "<group>";
		};
		EF99FB1E1A2233600045E1BC /* ViewControllers */ = {
			isa = PBXGroup;
			children = (
				EF92547719FD3A7800FFA3F8 /* BBMainMenuViewController.h */,
				EF92547819FD3A7800FFA3F8 /* BBMainMenuViewController.m */,
				EF92549F19FD44BC00FFA3F8 /* Map */,
				EF92549919FD3B1700FFA3F8 /* BBBattleViewController.h */,
				EF92549A19FD3B1700FFA3F8 /* BBBattleViewController.m */,
				EF99FB161A2233270045E1BC /* Items */,
				EF99FB1A1A2233420045E1BC /* Buddies */,
			);
			name = ViewControllers;
			sourceTree = "<group>";
		};
/* End PBXGroup section */

/* Begin PBXNativeTarget section */
		EF92546C19FD3A7800FFA3F8 /* BattleBuddies */ = {
			isa = PBXNativeTarget;
			buildConfigurationList = EF92549019FD3A7800FFA3F8 /* Build configuration list for PBXNativeTarget "BattleBuddies" */;
			buildPhases = (
				EF92546919FD3A7800FFA3F8 /* Sources */,
				EF92546A19FD3A7800FFA3F8 /* Frameworks */,
				EF92546B19FD3A7800FFA3F8 /* Resources */,
			);
			buildRules = (
			);
			dependencies = (
			);
			name = BattleBuddies;
			productName = BattleBuddies;
			productReference = EF92546D19FD3A7800FFA3F8 /* BattleBuddies.app */;
			productType = "com.apple.product-type.application";
		};
		EF92548519FD3A7800FFA3F8 /* BattleBuddiesTests */ = {
			isa = PBXNativeTarget;
			buildConfigurationList = EF92549319FD3A7800FFA3F8 /* Build configuration list for PBXNativeTarget "BattleBuddiesTests" */;
			buildPhases = (
				EF92548219FD3A7800FFA3F8 /* Sources */,
				EF92548319FD3A7800FFA3F8 /* Frameworks */,
				EF92548419FD3A7800FFA3F8 /* Resources */,
			);
			buildRules = (
			);
			dependencies = (
				EF92548819FD3A7800FFA3F8 /* PBXTargetDependency */,
			);
			name = BattleBuddiesTests;
			productName = BattleBuddiesTests;
			productReference = EF92548619FD3A7800FFA3F8 /* BattleBuddiesTests.xctest */;
			productType = "com.apple.product-type.bundle.unit-test";
		};
/* End PBXNativeTarget section */

/* Begin PBXProject section */
		EF92546519FD3A7800FFA3F8 /* Project object */ = {
			isa = PBXProject;
			attributes = {
				LastUpgradeCheck = 0610;
				ORGANIZATIONNAME = "Frozen Fire Studios, Inc";
				TargetAttributes = {
					EF92546C19FD3A7800FFA3F8 = {
						CreatedOnToolsVersion = 6.1;
						DevelopmentTeam = Y5QZY6467R;
					};
					EF92548519FD3A7800FFA3F8 = {
						CreatedOnToolsVersion = 6.1;
						TestTargetID = EF92546C19FD3A7800FFA3F8;
					};
				};
			};
			buildConfigurationList = EF92546819FD3A7800FFA3F8 /* Build configuration list for PBXProject "BattleBuddies" */;
			compatibilityVersion = "Xcode 3.2";
			developmentRegion = English;
			hasScannedForEncodings = 0;
			knownRegions = (
				en,
				Base,
			);
			mainGroup = EF92546419FD3A7800FFA3F8;
			productRefGroup = EF92546E19FD3A7800FFA3F8 /* Products */;
			projectDirPath = "";
			projectRoot = "";
			targets = (
				EF92546C19FD3A7800FFA3F8 /* BattleBuddies */,
				EF92548519FD3A7800FFA3F8 /* BattleBuddiesTests */,
			);
		};
/* End PBXProject section */

/* Begin PBXResourcesBuildPhase section */
		EF92546B19FD3A7800FFA3F8 /* Resources */ = {
			isa = PBXResourcesBuildPhase;
			buildActionMask = 2147483647;
			files = (
				EF92548119FD3A7800FFA3F8 /* LaunchScreen.xib in Resources */,
				45AFCFF219FDC0D40044381B /* AttackSyllabus.plist in Resources */,
				45AFCFEA19FD920B0044381B /* NameSuffix.plist in Resources */,
				EF92547E19FD3A7800FFA3F8 /* Images.xcassets in Resources */,
				45AFCFF619FDCC700044381B /* Attacks.plist in Resources */,
				45AFCFE519FD6A4C0044381B /* BaseAttributes.plist in Resources */,
			);
			runOnlyForDeploymentPostprocessing = 0;
		};
		EF92548419FD3A7800FFA3F8 /* Resources */ = {
			isa = PBXResourcesBuildPhase;
			buildActionMask = 2147483647;
			files = (
			);
			runOnlyForDeploymentPostprocessing = 0;
		};
/* End PBXResourcesBuildPhase section */

/* Begin PBXSourcesBuildPhase section */
		EF92546919FD3A7800FFA3F8 /* Sources */ = {
			isa = PBXSourcesBuildPhase;
			buildActionMask = 2147483647;
			files = (
				45AFCFF819FDCD220044381B /* BBDatabase.m in Sources */,
				EF92547919FD3A7800FFA3F8 /* BBMainMenuViewController.m in Sources */,
				45AFCFDF19FD535F0044381B /* BBConstants.m in Sources */,
				EF92549819FD3B0400FFA3F8 /* BBMapViewController.m in Sources */,
				EF99FB1D1A2233530045E1BC /* BBBuddyCell.m in Sources */,
				EFCF81611A22352D00B5535D /* BBMapCollectionViewCell.m in Sources */,
				45AFCFD919FD4E4E0044381B /* BBBuddy.m in Sources */,
				453203931A223458004A3E21 /* BBItem.m in Sources */,
				EF92547619FD3A7800FFA3F8 /* AppDelegate.m in Sources */,
				45AFCFE219FD58E00044381B /* BBBody.m in Sources */,
				EF92547319FD3A7800FFA3F8 /* main.m in Sources */,
				EF99FB121A22330D0045E1BC /* BBItemListViewController.m in Sources */,
				EF92549B19FD3B1700FFA3F8 /* BBBattleViewController.m in Sources */,
				EFCF81601A22352D00B5535D /* BBMapAtlas.m in Sources */,
				EFCF81621A22352D00B5535D /* BBMapGenerator.m in Sources */,
				EFDE419319FD73650035B28B /* BBMapTouchView.m in Sources */,
				EF99FB151A2233210045E1BC /* BBBuddyListViewController.m in Sources */,
				EF99FB191A22333C0045E1BC /* BBItemCell.m in Sources */,
				45AFCFF719FDCD160044381B /* BBAttack.m in Sources */,
				EF92549E19FD44B800FFA3F8 /* BBGridLayout.m in Sources */,
			);
			runOnlyForDeploymentPostprocessing = 0;
		};
		EF92548219FD3A7800FFA3F8 /* Sources */ = {
			isa = PBXSourcesBuildPhase;
			buildActionMask = 2147483647;
			files = (
				EF92548D19FD3A7800FFA3F8 /* BattleBuddiesTests.m in Sources */,
			);
			runOnlyForDeploymentPostprocessing = 0;
		};
/* End PBXSourcesBuildPhase section */

/* Begin PBXTargetDependency section */
		EF92548819FD3A7800FFA3F8 /* PBXTargetDependency */ = {
			isa = PBXTargetDependency;
			target = EF92546C19FD3A7800FFA3F8 /* BattleBuddies */;
			targetProxy = EF92548719FD3A7800FFA3F8 /* PBXContainerItemProxy */;
		};
/* End PBXTargetDependency section */

/* Begin PBXVariantGroup section */
		EF92547F19FD3A7800FFA3F8 /* LaunchScreen.xib */ = {
			isa = PBXVariantGroup;
			children = (
				EF92548019FD3A7800FFA3F8 /* Base */,
			);
			name = LaunchScreen.xib;
			sourceTree = "<group>";
		};
/* End PBXVariantGroup section */

/* Begin XCBuildConfiguration section */
		EF92548E19FD3A7800FFA3F8 /* Debug */ = {
			isa = XCBuildConfiguration;
			buildSettings = {
				ALWAYS_SEARCH_USER_PATHS = NO;
				CLANG_CXX_LANGUAGE_STANDARD = "gnu++0x";
				CLANG_CXX_LIBRARY = "libc++";
				CLANG_ENABLE_MODULES = YES;
				CLANG_ENABLE_OBJC_ARC = YES;
				CLANG_WARN_BOOL_CONVERSION = YES;
				CLANG_WARN_CONSTANT_CONVERSION = YES;
				CLANG_WARN_DIRECT_OBJC_ISA_USAGE = YES_ERROR;
				CLANG_WARN_EMPTY_BODY = YES;
				CLANG_WARN_ENUM_CONVERSION = YES;
				CLANG_WARN_INT_CONVERSION = YES;
				CLANG_WARN_OBJC_ROOT_CLASS = YES_ERROR;
				CLANG_WARN_UNREACHABLE_CODE = YES;
				CLANG_WARN__DUPLICATE_METHOD_MATCH = YES;
				"CODE_SIGN_IDENTITY[sdk=iphoneos*]" = "iPhone Developer";
				COPY_PHASE_STRIP = NO;
				ENABLE_STRICT_OBJC_MSGSEND = YES;
				GCC_C_LANGUAGE_STANDARD = gnu99;
				GCC_DYNAMIC_NO_PIC = NO;
				GCC_OPTIMIZATION_LEVEL = 0;
				GCC_PREPROCESSOR_DEFINITIONS = (
					"DEBUG=1",
					"$(inherited)",
				);
				GCC_SYMBOLS_PRIVATE_EXTERN = NO;
				GCC_WARN_64_TO_32_BIT_CONVERSION = YES;
				GCC_WARN_ABOUT_RETURN_TYPE = YES_ERROR;
				GCC_WARN_UNDECLARED_SELECTOR = YES;
				GCC_WARN_UNINITIALIZED_AUTOS = YES_AGGRESSIVE;
				GCC_WARN_UNUSED_FUNCTION = YES;
				GCC_WARN_UNUSED_VARIABLE = YES;
				IPHONEOS_DEPLOYMENT_TARGET = 8.1;
				MTL_ENABLE_DEBUG_INFO = YES;
				ONLY_ACTIVE_ARCH = YES;
				SDKROOT = iphoneos;
				TARGETED_DEVICE_FAMILY = "1,2";
			};
			name = Debug;
		};
		EF92548F19FD3A7800FFA3F8 /* Release */ = {
			isa = XCBuildConfiguration;
			buildSettings = {
				ALWAYS_SEARCH_USER_PATHS = NO;
				CLANG_CXX_LANGUAGE_STANDARD = "gnu++0x";
				CLANG_CXX_LIBRARY = "libc++";
				CLANG_ENABLE_MODULES = YES;
				CLANG_ENABLE_OBJC_ARC = YES;
				CLANG_WARN_BOOL_CONVERSION = YES;
				CLANG_WARN_CONSTANT_CONVERSION = YES;
				CLANG_WARN_DIRECT_OBJC_ISA_USAGE = YES_ERROR;
				CLANG_WARN_EMPTY_BODY = YES;
				CLANG_WARN_ENUM_CONVERSION = YES;
				CLANG_WARN_INT_CONVERSION = YES;
				CLANG_WARN_OBJC_ROOT_CLASS = YES_ERROR;
				CLANG_WARN_UNREACHABLE_CODE = YES;
				CLANG_WARN__DUPLICATE_METHOD_MATCH = YES;
				"CODE_SIGN_IDENTITY[sdk=iphoneos*]" = "iPhone Developer";
				COPY_PHASE_STRIP = YES;
				ENABLE_NS_ASSERTIONS = NO;
				ENABLE_STRICT_OBJC_MSGSEND = YES;
				GCC_C_LANGUAGE_STANDARD = gnu99;
				GCC_WARN_64_TO_32_BIT_CONVERSION = YES;
				GCC_WARN_ABOUT_RETURN_TYPE = YES_ERROR;
				GCC_WARN_UNDECLARED_SELECTOR = YES;
				GCC_WARN_UNINITIALIZED_AUTOS = YES_AGGRESSIVE;
				GCC_WARN_UNUSED_FUNCTION = YES;
				GCC_WARN_UNUSED_VARIABLE = YES;
				IPHONEOS_DEPLOYMENT_TARGET = 8.1;
				MTL_ENABLE_DEBUG_INFO = NO;
				SDKROOT = iphoneos;
				TARGETED_DEVICE_FAMILY = "1,2";
				VALIDATE_PRODUCT = YES;
			};
			name = Release;
		};
		EF92549119FD3A7800FFA3F8 /* Debug */ = {
			isa = XCBuildConfiguration;
			buildSettings = {
				ASSETCATALOG_COMPILER_APPICON_NAME = AppIcon;
				CODE_SIGN_IDENTITY = "iPhone Developer";
				INFOPLIST_FILE = BattleBuddies/Info.plist;
				IPHONEOS_DEPLOYMENT_TARGET = 8.0;
				LD_RUNPATH_SEARCH_PATHS = "$(inherited) @executable_path/Frameworks";
				PRODUCT_NAME = "$(TARGET_NAME)";
				PROVISIONING_PROFILE = "";
			};
			name = Debug;
		};
		EF92549219FD3A7800FFA3F8 /* Release */ = {
			isa = XCBuildConfiguration;
			buildSettings = {
				ASSETCATALOG_COMPILER_APPICON_NAME = AppIcon;
				CODE_SIGN_IDENTITY = "iPhone Developer";
				INFOPLIST_FILE = BattleBuddies/Info.plist;
				IPHONEOS_DEPLOYMENT_TARGET = 8.0;
				LD_RUNPATH_SEARCH_PATHS = "$(inherited) @executable_path/Frameworks";
				PRODUCT_NAME = "$(TARGET_NAME)";
				PROVISIONING_PROFILE = "";
			};
			name = Release;
		};
		EF92549419FD3A7800FFA3F8 /* Debug */ = {
			isa = XCBuildConfiguration;
			buildSettings = {
				BUNDLE_LOADER = "$(TEST_HOST)";
				FRAMEWORK_SEARCH_PATHS = (
					"$(SDKROOT)/Developer/Library/Frameworks",
					"$(inherited)",
				);
				GCC_PREPROCESSOR_DEFINITIONS = (
					"DEBUG=1",
					"$(inherited)",
				);
				INFOPLIST_FILE = BattleBuddiesTests/Info.plist;
				LD_RUNPATH_SEARCH_PATHS = "$(inherited) @executable_path/Frameworks @loader_path/Frameworks";
				PRODUCT_NAME = "$(TARGET_NAME)";
				TEST_HOST = "$(BUILT_PRODUCTS_DIR)/BattleBuddies.app/BattleBuddies";
			};
			name = Debug;
		};
		EF92549519FD3A7800FFA3F8 /* Release */ = {
			isa = XCBuildConfiguration;
			buildSettings = {
				BUNDLE_LOADER = "$(TEST_HOST)";
				FRAMEWORK_SEARCH_PATHS = (
					"$(SDKROOT)/Developer/Library/Frameworks",
					"$(inherited)",
				);
				INFOPLIST_FILE = BattleBuddiesTests/Info.plist;
				LD_RUNPATH_SEARCH_PATHS = "$(inherited) @executable_path/Frameworks @loader_path/Frameworks";
				PRODUCT_NAME = "$(TARGET_NAME)";
				TEST_HOST = "$(BUILT_PRODUCTS_DIR)/BattleBuddies.app/BattleBuddies";
			};
			name = Release;
		};
/* End XCBuildConfiguration section */

/* Begin XCConfigurationList section */
		EF92546819FD3A7800FFA3F8 /* Build configuration list for PBXProject "BattleBuddies" */ = {
			isa = XCConfigurationList;
			buildConfigurations = (
				EF92548E19FD3A7800FFA3F8 /* Debug */,
				EF92548F19FD3A7800FFA3F8 /* Release */,
			);
			defaultConfigurationIsVisible = 0;
			defaultConfigurationName = Release;
		};
		EF92549019FD3A7800FFA3F8 /* Build configuration list for PBXNativeTarget "BattleBuddies" */ = {
			isa = XCConfigurationList;
			buildConfigurations = (
				EF92549119FD3A7800FFA3F8 /* Debug */,
				EF92549219FD3A7800FFA3F8 /* Release */,
			);
			defaultConfigurationIsVisible = 0;
			defaultConfigurationName = Release;
		};
		EF92549319FD3A7800FFA3F8 /* Build configuration list for PBXNativeTarget "BattleBuddiesTests" */ = {
			isa = XCConfigurationList;
			buildConfigurations = (
				EF92549419FD3A7800FFA3F8 /* Debug */,
				EF92549519FD3A7800FFA3F8 /* Release */,
			);
			defaultConfigurationIsVisible = 0;
			defaultConfigurationName = Release;
		};
/* End XCConfigurationList section */
	};
	rootObject = EF92546519FD3A7800FFA3F8 /* Project object */;
}
